// !$*UTF8*$!
{
	archiveVersion = 1;
	classes = {
	};
	objectVersion = 46;
	objects = {

/* Begin PBXBuildFile section */
		C9B6C56119B766A50093AC47 /* Foundation.framework in Frameworks */ = {isa = PBXBuildFile; fileRef = C9B6C56019B766A50093AC47 /* Foundation.framework */; };
		C9B6C56319B766A50093AC47 /* CoreGraphics.framework in Frameworks */ = {isa = PBXBuildFile; fileRef = C9B6C56219B766A50093AC47 /* CoreGraphics.framework */; };
		C9B6C56519B766A50093AC47 /* UIKit.framework in Frameworks */ = {isa = PBXBuildFile; fileRef = C9B6C56419B766A50093AC47 /* UIKit.framework */; };
		C9B6C56B19B766A50093AC47 /* InfoPlist.strings in Resources */ = {isa = PBXBuildFile; fileRef = C9B6C56919B766A50093AC47 /* InfoPlist.strings */; };
		C9B6C56D19B766A50093AC47 /* main.m in Sources */ = {isa = PBXBuildFile; fileRef = C9B6C56C19B766A50093AC47 /* main.m */; };
		C9B6C57119B766A50093AC47 /* KBAppDelegate.m in Sources */ = {isa = PBXBuildFile; fileRef = C9B6C57019B766A50093AC47 /* KBAppDelegate.m */; };
		C9B6C57419B766A50093AC47 /* Main.storyboard in Resources */ = {isa = PBXBuildFile; fileRef = C9B6C57219B766A50093AC47 /* Main.storyboard */; };
		C9B6C57919B766A50093AC47 /* Images.xcassets in Resources */ = {isa = PBXBuildFile; fileRef = C9B6C57819B766A50093AC47 /* Images.xcassets */; };
		C9B6C58019B766A60093AC47 /* XCTest.framework in Frameworks */ = {isa = PBXBuildFile; fileRef = C9B6C57F19B766A60093AC47 /* XCTest.framework */; };
		C9B6C58119B766A60093AC47 /* Foundation.framework in Frameworks */ = {isa = PBXBuildFile; fileRef = C9B6C56019B766A50093AC47 /* Foundation.framework */; };
		C9B6C58219B766A60093AC47 /* UIKit.framework in Frameworks */ = {isa = PBXBuildFile; fileRef = C9B6C56419B766A50093AC47 /* UIKit.framework */; };
		C9B6C58A19B766A60093AC47 /* InfoPlist.strings in Resources */ = {isa = PBXBuildFile; fileRef = C9B6C58819B766A60093AC47 /* InfoPlist.strings */; };
		C9B6C58C19B766A60093AC47 /* UITableViewController_Challenge_SolutionTests.m in Sources */ = {isa = PBXBuildFile; fileRef = C9B6C58B19B766A60093AC47 /* UITableViewController_Challenge_SolutionTests.m */; };
		C9B6C59719B76A090093AC47 /* KBTableViewController.m in Sources */ = {isa = PBXBuildFile; fileRef = C9B6C59619B76A090093AC47 /* KBTableViewController.m */; };
/* End PBXBuildFile section */

/* Begin PBXContainerItemProxy section */
		C9B6C58319B766A60093AC47 /* PBXContainerItemProxy */ = {
			isa = PBXContainerItemProxy;
			containerPortal = C9B6C55519B766A50093AC47 /* Project object */;
			proxyType = 1;
			remoteGlobalIDString = C9B6C55C19B766A50093AC47;
			remoteInfo = "UITableViewController Challenge Solution";
		};
/* End PBXContainerItemProxy section */

/* Begin PBXFileReference section */
		C9B6C55D19B766A50093AC47 /* UITableViewController Challenge Solution.app */ = {isa = PBXFileReference; explicitFileType = wrapper.application; includeInIndex = 0; path = "UITableViewController Challenge Solution.app"; sourceTree = BUILT_PRODUCTS_DIR; };
		C9B6C56019B766A50093AC47 /* Foundation.framework */ = {isa = PBXFileReference; lastKnownFileType = wrapper.framework; name = Foundation.framework; path = System/Library/Frameworks/Foundation.framework; sourceTree = SDKROOT; };
		C9B6C56219B766A50093AC47 /* CoreGraphics.framework */ = {isa = PBXFileReference; lastKnownFileType = wrapper.framework; name = CoreGraphics.framework; path = System/Library/Frameworks/CoreGraphics.framework; sourceTree = SDKROOT; };
		C9B6C56419B766A50093AC47 /* UIKit.framework */ = {isa = PBXFileReference; lastKnownFileType = wrapper.framework; name = UIKit.framework; path = System/Library/Frameworks/UIKit.framework; sourceTree = SDKROOT; };
		C9B6C56819B766A50093AC47 /* UITableViewController Challenge Solution-Info.plist */ = {isa = PBXFileReference; lastKnownFileType = text.plist.xml; path = "UITableViewController Challenge Solution-Info.plist"; sourceTree = "<group>"; };
		C9B6C56A19B766A50093AC47 /* en */ = {isa = PBXFileReference; lastKnownFileType = text.plist.strings; name = en; path = en.lproj/InfoPlist.strings; sourceTree = "<group>"; };
		C9B6C56C19B766A50093AC47 /* main.m */ = {isa = PBXFileReference; lastKnownFileType = sourcecode.c.objc; path = main.m; sourceTree = "<group>"; };
		C9B6C56E19B766A50093AC47 /* UITableViewController Challenge Solution-Prefix.pch */ = {isa = PBXFileReference; lastKnownFileType = sourcecode.c.h; path = "UITableViewController Challenge Solution-Prefix.pch"; sourceTree = "<group>"; };
		C9B6C56F19B766A50093AC47 /* KBAppDelegate.h */ = {isa = PBXFileReference; lastKnownFileType = sourcecode.c.h; path = KBAppDelegate.h; sourceTree = "<group>"; };
		C9B6C57019B766A50093AC47 /* KBAppDelegate.m */ = {isa = PBXFileReference; lastKnownFileType = sourcecode.c.objc; path = KBAppDelegate.m; sourceTree = "<group>"; };
		C9B6C57319B766A50093AC47 /* Base */ = {isa = PBXFileReference; lastKnownFileType = file.storyboard; name = Base; path = Base.lproj/Main.storyboard; sourceTree = "<group>"; };
		C9B6C57819B766A50093AC47 /* Images.xcassets */ = {isa = PBXFileReference; lastKnownFileType = folder.assetcatalog; path = Images.xcassets; sourceTree = "<group>"; };
		C9B6C57E19B766A60093AC47 /* UITableViewController Challenge SolutionTests.xctest */ = {isa = PBXFileReference; explicitFileType = wrapper.cfbundle; includeInIndex = 0; path = "UITableViewController Challenge SolutionTests.xctest"; sourceTree = BUILT_PRODUCTS_DIR; };
		C9B6C57F19B766A60093AC47 /* XCTest.framework */ = {isa = PBXFileReference; lastKnownFileType = wrapper.framework; name = XCTest.framework; path = Library/Frameworks/XCTest.framework; sourceTree = DEVELOPER_DIR; };
		C9B6C58719B766A60093AC47 /* UITableViewController Challenge SolutionTests-Info.plist */ = {isa = PBXFileReference; lastKnownFileType = text.plist.xml; path = "UITableViewController Challenge SolutionTests-Info.plist"; sourceTree = "<group>"; };
		C9B6C58919B766A60093AC47 /* en */ = {isa = PBXFileReference; lastKnownFileType = text.plist.strings; name = en; path = en.lproj/InfoPlist.strings; sourceTree = "<group>"; };
		C9B6C58B19B766A60093AC47 /* UITableViewController_Challenge_SolutionTests.m */ = {isa = PBXFileReference; lastKnownFileType = sourcecode.c.objc; path = UITableViewController_Challenge_SolutionTests.m; sourceTree = "<group>"; };
		C9B6C59519B76A090093AC47 /* KBTableViewController.h */ = {isa = PBXFileReference; fileEncoding = 4; lastKnownFileType = sourcecode.c.h; path = KBTableViewController.h; sourceTree = "<group>"; };
		C9B6C59619B76A090093AC47 /* KBTableViewController.m */ = {isa = PBXFileReference; fileEncoding = 4; lastKnownFileType = sourcecode.c.objc; path = KBTableViewController.m; sourceTree = "<group>"; };
/* End PBXFileReference section */

/* Begin PBXFrameworksBuildPhase section */
		C9B6C55A19B766A50093AC47 /* Frameworks */ = {
			isa = PBXFrameworksBuildPhase;
			buildActionMask = 2147483647;
			files = (
				C9B6C56319B766A50093AC47 /* CoreGraphics.framework in Frameworks */,
				C9B6C56519B766A50093AC47 /* UIKit.framework in Frameworks */,
				C9B6C56119B766A50093AC47 /* Foundation.framework in Frameworks */,
			);
			runOnlyForDeploymentPostprocessing = 0;
		};
		C9B6C57B19B766A60093AC47 /* Frameworks */ = {
			isa = PBXFrameworksBuildPhase;
			buildActionMask = 2147483647;
			files = (
				C9B6C58019B766A60093AC47 /* XCTest.framework in Frameworks */,
				C9B6C58219B766A60093AC47 /* UIKit.framework in Frameworks */,
				C9B6C58119B766A60093AC47 /* Foundation.framework in Frameworks */,
			);
			runOnlyForDeploymentPostprocessing = 0;
		};
/* End PBXFrameworksBuildPhase section */

/* Begin PBXGroup section */
		C9B6C55419B766A50093AC47 = {
			isa = PBXGroup;
			children = (
				C9B6C56619B766A50093AC47 /* UITableViewController Challenge Solution */,
				C9B6C58519B766A60093AC47 /* UITableViewController Challenge SolutionTests */,
				C9B6C55F19B766A50093AC47 /* Frameworks */,
				C9B6C55E19B766A50093AC47 /* Products */,
			);
			sourceTree = "<group>";
		};
		C9B6C55E19B766A50093AC47 /* Products */ = {
			isa = PBXGroup;
			children = (
				C9B6C55D19B766A50093AC47 /* UITableViewController Challenge Solution.app */,
				C9B6C57E19B766A60093AC47 /* UITableViewController Challenge SolutionTests.xctest */,
			);
			name = Products;
			sourceTree = "<group>";
		};
		C9B6C55F19B766A50093AC47 /* Frameworks */ = {
			isa = PBXGroup;
			children = (
				C9B6C56019B766A50093AC47 /* Foundation.framework */,
				C9B6C56219B766A50093AC47 /* CoreGraphics.framework */,
				C9B6C56419B766A50093AC47 /* UIKit.framework */,
				C9B6C57F19B766A60093AC47 /* XCTest.framework */,
			);
			name = Frameworks;
			sourceTree = "<group>";
		};
		C9B6C56619B766A50093AC47 /* UITableViewController Challenge Solution */ = {
			isa = PBXGroup;
			children = (
				C9B6C56F19B766A50093AC47 /* KBAppDelegate.h */,
				C9B6C57019B766A50093AC47 /* KBAppDelegate.m */,
				C9B6C57219B766A50093AC47 /* Main.storyboard */,
				C9B6C59519B76A090093AC47 /* KBTableViewController.h */,
				C9B6C59619B76A090093AC47 /* KBTableViewController.m */,
				C9B6C57819B766A50093AC47 /* Images.xcassets */,
				C9B6C56719B766A50093AC47 /* Supporting Files */,
			);
			path = "UITableViewController Challenge Solution";
			sourceTree = "<group>";
		};
		C9B6C56719B766A50093AC47 /* Supporting Files */ = {
			isa = PBXGroup;
			children = (
				C9B6C56819B766A50093AC47 /* UITableViewController Challenge Solution-Info.plist */,
				C9B6C56919B766A50093AC47 /* InfoPlist.strings */,
				C9B6C56C19B766A50093AC47 /* main.m */,
				C9B6C56E19B766A50093AC47 /* UITableViewController Challenge Solution-Prefix.pch */,
			);
			name = "Supporting Files";
			sourceTree = "<group>";
		};
		C9B6C58519B766A60093AC47 /* UITableViewController Challenge SolutionTests */ = {
			isa = PBXGroup;
			children = (
				C9B6C58B19B766A60093AC47 /* UITableViewController_Challenge_SolutionTests.m */,
				C9B6C58619B766A60093AC47 /* Supporting Files */,
			);
			path = "UITableViewController Challenge SolutionTests";
			sourceTree = "<group>";
		};
		C9B6C58619B766A60093AC47 /* Supporting Files */ = {
			isa = PBXGroup;
			children = (
				C9B6C58719B766A60093AC47 /* UITableViewController Challenge SolutionTests-Info.plist */,
				C9B6C58819B766A60093AC47 /* InfoPlist.strings */,
			);
			name = "Supporting Files";
			sourceTree = "<group>";
		};
/* End PBXGroup section */

/* Begin PBXNativeTarget section */
		C9B6C55C19B766A50093AC47 /* UITableViewController Challenge Solution */ = {
			isa = PBXNativeTarget;
			buildConfigurationList = C9B6C58F19B766A60093AC47 /* Build configuration list for PBXNativeTarget "UITableViewController Challenge Solution" */;
			buildPhases = (
				C9B6C55919B766A50093AC47 /* Sources */,
				C9B6C55A19B766A50093AC47 /* Frameworks */,
				C9B6C55B19B766A50093AC47 /* Resources */,
			);
			buildRules = (
			);
			dependencies = (
			);
			name = "UITableViewController Challenge Solution";
			productName = "UITableViewController Challenge Solution";
			productReference = C9B6C55D19B766A50093AC47 /* UITableViewController Challenge Solution.app */;
			productType = "com.apple.product-type.application";
		};
		C9B6C57D19B766A60093AC47 /* UITableViewController Challenge SolutionTests */ = {
			isa = PBXNativeTarget;
			buildConfigurationList = C9B6C59219B766A60093AC47 /* Build configuration list for PBXNativeTarget "UITableViewController Challenge SolutionTests" */;
			buildPhases = (
				C9B6C57A19B766A60093AC47 /* Sources */,
				C9B6C57B19B766A60093AC47 /* Frameworks */,
				C9B6C57C19B766A60093AC47 /* Resources */,
			);
			buildRules = (
			);
			dependencies = (
				C9B6C58419B766A60093AC47 /* PBXTargetDependency */,
			);
			name = "UITableViewController Challenge SolutionTests";
			productName = "UITableViewController Challenge SolutionTests";
			productReference = C9B6C57E19B766A60093AC47 /* UITableViewController Challenge SolutionTests.xctest */;
			productType = "com.apple.product-type.bundle.unit-test";
		};
/* End PBXNativeTarget section */

/* Begin PBXProject section */
		C9B6C55519B766A50093AC47 /* Project object */ = {
			isa = PBXProject;
			attributes = {
				CLASSPREFIX = KB;
				LastUpgradeCheck = 0510;
				ORGANIZATIONNAME = "Babble Apps";
				TargetAttributes = {
					C9B6C57D19B766A60093AC47 = {
						TestTargetID = C9B6C55C19B766A50093AC47;
					};
				};
			};
			buildConfigurationList = C9B6C55819B766A50093AC47 /* Build configuration list for PBXProject "UITableViewController Challenge Solution" */;
			compatibilityVersion = "Xcode 3.2";
			developmentRegion = English;
			hasScannedForEncodings = 0;
			knownRegions = (
				en,
				Base,
			);
			mainGroup = C9B6C55419B766A50093AC47;
			productRefGroup = C9B6C55E19B766A50093AC47 /* Products */;
			projectDirPath = "";
			projectRoot = "";
			targets = (
				C9B6C55C19B766A50093AC47 /* UITableViewController Challenge Solution */,
				C9B6C57D19B766A60093AC47 /* UITableViewController Challenge SolutionTests */,
			);
		};
/* End PBXProject section */

/* Begin PBXResourcesBuildPhase section */
		C9B6C55B19B766A50093AC47 /* Resources */ = {
			isa = PBXResourcesBuildPhase;
			buildActionMask = 2147483647;
			files = (
				C9B6C57919B766A50093AC47 /* Images.xcassets in Resources */,
				C9B6C56B19B766A50093AC47 /* InfoPlist.strings in Resources */,
				C9B6C57419B766A50093AC47 /* Main.storyboard in Resources */,
			);
			runOnlyForDeploymentPostprocessing = 0;
		};
		C9B6C57C19B766A60093AC47 /* Resources */ = {
			isa = PBXResourcesBuildPhase;
			buildActionMask = 2147483647;
			files = (
				C9B6C58A19B766A60093AC47 /* InfoPlist.strings in Resources */,
			);
			runOnlyForDeploymentPostprocessing = 0;
		};
/* End PBXResourcesBuildPhase section */

/* Begin PBXSourcesBuildPhase section */
		C9B6C55919B766A50093AC47 /* Sources */ = {
			isa = PBXSourcesBuildPhase;
			buildActionMask = 2147483647;
			files = (
				C9B6C56D19B766A50093AC47 /* main.m in Sources */,
				C9B6C59719B76A090093AC47 /* KBTableViewController.m in Sources */,
				C9B6C57119B766A50093AC47 /* KBAppDelegate.m in Sources */,
			);
			runOnlyForDeploymentPostprocessing = 0;
		};
		C9B6C57A19B766A60093AC47 /* Sources */ = {
			isa = PBXSourcesBuildPhase;
			buildActionMask = 2147483647;
			files = (
				C9B6C58C19B766A60093AC47 /* UITableViewController_Challenge_SolutionTests.m in Sources */,
			);
			runOnlyForDeploymentPostprocessing = 0;
		};
/* End PBXSourcesBuildPhase section */

/* Begin PBXTargetDependency section */
		C9B6C58419B766A60093AC47 /* PBXTargetDependency */ = {
			isa = PBXTargetDependency;
			target = C9B6C55C19B766A50093AC47 /* UITableViewController Challenge Solution */;
			targetProxy = C9B6C58319B766A60093AC47 /* PBXContainerItemProxy */;
		};
/* End PBXTargetDependency section */

/* Begin PBXVariantGroup section */
		C9B6C56919B766A50093AC47 /* InfoPlist.strings */ = {
			isa = PBXVariantGroup;
			children = (
				C9B6C56A19B766A50093AC47 /* en */,
			);
			name = InfoPlist.strings;
			sourceTree = "<group>";
		};
		C9B6C57219B766A50093AC47 /* Main.storyboard */ = {
			isa = PBXVariantGroup;
			children = (
				C9B6C57319B766A50093AC47 /* Base */,
			);
			name = Main.storyboard;
			sourceTree = "<group>";
		};
		C9B6C58819B766A60093AC47 /* InfoPlist.strings */ = {
			isa = PBXVariantGroup;
			children = (
				C9B6C58919B766A60093AC47 /* en */,
			);
			name = InfoPlist.strings;
			sourceTree = "<group>";
		};
/* End PBXVariantGroup section */

/* Begin XCBuildConfiguration section */
		C9B6C58D19B766A60093AC47 /* Debug */ = {
			isa = XCBuildConfiguration;
			buildSettings = {
				ALWAYS_SEARCH_USER_PATHS = NO;
				CLANG_CXX_LANGUAGE_STANDARD = "gnu++0x";
				CLANG_CXX_LIBRARY = "libc++";
				CLANG_ENABLE_MODULES = YES;
				CLANG_ENABLE_OBJC_ARC = YES;
				CLANG_WARN_BOOL_CONVERSION = YES;
				CLANG_WARN_CONSTANT_CONVERSION = YES;
				CLANG_WARN_DIRECT_OBJC_ISA_USAGE = YES_ERROR;
				CLANG_WARN_EMPTY_BODY = YES;
				CLANG_WARN_ENUM_CONVERSION = YES;
				CLANG_WARN_INT_CONVERSION = YES;
				CLANG_WARN_OBJC_ROOT_CLASS = YES_ERROR;
				CLANG_WARN__DUPLICATE_METHOD_MATCH = YES;
				"CODE_SIGN_IDENTITY[sdk=iphoneos*]" = "iPhone Developer";
				COPY_PHASE_STRIP = NO;
				GCC_C_LANGUAGE_STANDARD = gnu99;
				GCC_DYNAMIC_NO_PIC = NO;
				GCC_OPTIMIZATION_LEVEL = 0;
				GCC_PREPROCESSOR_DEFINITIONS = (
					"DEBUG=1",
					"$(inherited)",
				);
				GCC_SYMBOLS_PRIVATE_EXTERN = NO;
				GCC_WARN_64_TO_32_BIT_CONVERSION = YES;
				GCC_WARN_ABOUT_RETURN_TYPE = YES_ERROR;
				GCC_WARN_UNDECLARED_SELECTOR = YES;
				GCC_WARN_UNINITIALIZED_AUTOS = YES_AGGRESSIVE;
				GCC_WARN_UNUSED_FUNCTION = YES;
				GCC_WARN_UNUSED_VARIABLE = YES;
				IPHONEOS_DEPLOYMENT_TARGET = 7.1;
				ONLY_ACTIVE_ARCH = YES;
				SDKROOT = iphoneos;
			};
			name = Debug;
		};
		C9B6C58E19B766A60093AC47 /* Release */ = {
			isa = XCBuildConfiguration;
			buildSettings = {
				ALWAYS_SEARCH_USER_PATHS = NO;
				CLANG_CXX_LANGUAGE_STANDARD = "gnu++0x";
				CLANG_CXX_LIBRARY = "libc++";
				CLANG_ENABLE_MODULES = YES;
				CLANG_ENABLE_OBJC_ARC = YES;
				CLANG_WARN_BOOL_CONVERSION = YES;
				CLANG_WARN_CONSTANT_CONVERSION = YES;
				CLANG_WARN_DIRECT_OBJC_ISA_USAGE = YES_ERROR;
				CLANG_WARN_EMPTY_BODY = YES;
				CLANG_WARN_ENUM_CONVERSION = YES;
				CLANG_WARN_INT_CONVERSION = YES;
				CLANG_WARN_OBJC_ROOT_CLASS = YES_ERROR;
				CLANG_WARN__DUPLICATE_METHOD_MATCH = YES;
				"CODE_SIGN_IDENTITY[sdk=iphoneos*]" = "iPhone Developer";
				COPY_PHASE_STRIP = YES;
				ENABLE_NS_ASSERTIONS = NO;
				GCC_C_LANGUAGE_STANDARD = gnu99;
				GCC_WARN_64_TO_32_BIT_CONVERSION = YES;
				GCC_WARN_ABOUT_RETURN_TYPE = YES_ERROR;
				GCC_WARN_UNDECLARED_SELECTOR = YES;
				GCC_WARN_UNINITIALIZED_AUTOS = YES_AGGRESSIVE;
				GCC_WARN_UNUSED_FUNCTION = YES;
				GCC_WARN_UNUSED_VARIABLE = YES;
				IPHONEOS_DEPLOYMENT_TARGET = 7.1;
				SDKROOT = iphoneos;
				VALIDATE_PRODUCT = YES;
			};
			name = Release;
		};
		C9B6C59019B766A60093AC47 /* Debug */ = {
			isa = XCBuildConfiguration;
			buildSettings = {
				ASSETCATALOG_COMPILER_APPICON_NAME = AppIcon;
				ASSETCATALOG_COMPILER_LAUNCHIMAGE_NAME = LaunchImage;
				GCC_PRECOMPILE_PREFIX_HEADER = YES;
				GCC_PREFIX_HEADER = "UITableViewController Challenge Solution/UITableViewController Challenge Solution-Prefix.pch";
				INFOPLIST_FILE = "UITableViewController Challenge Solution/UITableViewController Challenge Solution-Info.plist";
				PRODUCT_NAME = "$(TARGET_NAME)";
				WRAPPER_EXTENSION = app;
			};
			name = Debug;
		};
		C9B6C59119B766A60093AC47 /* Release */ = {
			isa = XCBuildConfiguration;
			buildSettings = {
				ASSETCATALOG_COMPILER_APPICON_NAME = AppIcon;
				ASSETCATALOG_COMPILER_LAUNCHIMAGE_NAME = LaunchImage;
				GCC_PRECOMPILE_PREFIX_HEADER = YES;
				GCC_PREFIX_HEADER = "UITableViewController Challenge Solution/UITableViewController Challenge Solution-Prefix.pch";
				INFOPLIST_FILE = "UITableViewController Challenge Solution/UITableViewController Challenge Solution-Info.plist";
				PRODUCT_NAME = "$(TARGET_NAME)";
				WRAPPER_EXTENSION = app;
			};
			name = Release;
		};
		C9B6C59319B766A60093AC47 /* Debug */ = {
			isa = XCBuildConfiguration;
			buildSettings = {
				BUNDLE_LOADER = "$(BUILT_PRODUCTS_DIR)/UITableViewController Challenge Solution.app/UITableViewController Challenge Solution";
				FRAMEWORK_SEARCH_PATHS = (
					"$(SDKROOT)/Developer/Library/Frameworks",
					"$(inherited)",
					"$(DEVELOPER_FRAMEWORKS_DIR)",
				);
				GCC_PRECOMPILE_PREFIX_HEADER = YES;
				GCC_PREFIX_HEADER = "UITableViewController Challenge Solution/UITableViewController Challenge Solution-Prefix.pch";
				GCC_PREPROCESSOR_DEFINITIONS = (
					"DEBUG=1",
					"$(inherited)",
				);
				INFOPLIST_FILE = "UITableViewController Challenge SolutionTests/UITableViewController Challenge SolutionTests-Info.plist";
				PRODUCT_NAME = "$(TARGET_NAME)";
				TEST_HOST = "$(BUNDLE_LOADER)";
				WRAPPER_EXTENSION = xctest;
			};
			name = Debug;
		};
		C9B6C59419B766A60093AC47 /* Release */ = {
			isa = XCBuildConfiguration;
			buildSettings = {
				BUNDLE_LOADER = "$(BUILT_PRODUCTS_DIR)/UITableViewController Challenge Solution.app/UITableViewController Challenge Solution";
				FRAMEWORK_SEARCH_PATHS = (
					"$(SDKROOT)/Developer/Library/Frameworks",
					"$(inherited)",
					"$(DEVELOPER_FRAMEWORKS_DIR)",
				);
				GCC_PRECOMPILE_PREFIX_HEADER = YES;
				GCC_PREFIX_HEADER = "UITableViewController Challenge Solution/UITableViewController Challenge Solution-Prefix.pch";
				INFOPLIST_FILE = "UITableViewController Challenge SolutionTests/UITableViewController Challenge SolutionTests-Info.plist";
				PRODUCT_NAME = "$(TARGET_NAME)";
				TEST_HOST = "$(BUNDLE_LOADER)";
				WRAPPER_EXTENSION = xctest;
			};
			name = Release;
		};
/* End XCBuildConfiguration section */

/* Begin XCConfigurationList section */
		C9B6C55819B766A50093AC47 /* Build configuration list for PBXProject "UITableViewController Challenge Solution" */ = {
			isa = XCConfigurationList;
			buildConfigurations = (
				C9B6C58D19B766A60093AC47 /* Debug */,
				C9B6C58E19B766A60093AC47 /* Release */,
			);
			defaultConfigurationIsVisible = 0;
			defaultConfigurationName = Release;
		};
		C9B6C58F19B766A60093AC47 /* Build configuration list for PBXNativeTarget "UITableViewController Challenge Solution" */ = {
			isa = XCConfigurationList;
			buildConfigurations = (
				C9B6C59019B766A60093AC47 /* Debug */,
				C9B6C59119B766A60093AC47 /* Release */,
			);
			defaultConfigurationIsVisible = 0;
		};
		C9B6C59219B766A60093AC47 /* Build configuration list for PBXNativeTarget "UITableViewController Challenge SolutionTests" */ = {
			isa = XCConfigurationList;
			buildConfigurations = (
				C9B6C59319B766A60093AC47 /* Debug */,
				C9B6C59419B766A60093AC47 /* Release */,
			);
			defaultConfigurationIsVisible = 0;
		};
/* End XCConfigurationList section */
	};
	rootObject = C9B6C55519B766A50093AC47 /* Project object */;
}
